
Microsoft Visual Studio Solution File, Format Version 12.00
# Visual Studio Version 17
VisualStudioVersion = 17.5.33530.505
MinimumVisualStudioVersion = 10.0.40219.1
Project("{FAE04EC0-301F-11D3-BF4B-00C04F79EFBC}") = "WhileLoop", "WhileLoop\WhileLoop.csproj", "{37A494EA-206A-429D-A9BF-7518E37F2415}"
EndProject
Global
	GlobalSection(SolutionConfigurationPlatforms) = preSolution
		Debug|Any CPU = Debug|Any CPU
		Release|Any CPU = Release|Any CPU
	EndGlobalSection
	GlobalSection(ProjectConfigurationPlatforms) = postSolution
		{37A494EA-206A-429D-A9BF-7518E37F2415}.Debug|Any CPU.ActiveCfg = Debug|Any CPU
		{37A494EA-206A-429D-A9BF-7518E37F2415}.Debug|Any CPU.Build.0 = Debug|Any CPU
		{37A494EA-206A-429D-A9BF-7518E37F2415}.Release|Any CPU.ActiveCfg = Release|Any CPU
		{37A494EA-206A-429D-A9BF-7518E37F2415}.Release|Any CPU.Build.0 = Release|Any CPU
	EndGlobalSection
	GlobalSection(SolutionProperties) = preSolution
		HideSolutionNode = FALSE
	EndGlobalSection
	GlobalSection(ExtensibilityGlobals) = postSolution
		SolutionGuid = {0C5A9ABE-9DC3-4E44-8797-E61700A99307}
	EndGlobalSection
EndGlobal
